
Microsoft Visual Studio Solution File, Format Version 12.00
# Visual Studio Version 17
VisualStudioVersion = 17.11.35312.102
MinimumVisualStudioVersion = 10.0.40219.1
Project("{9A19103F-16F7-4668-BE54-9A1E7A4F7556}") = "Marsonsoft.DbSchema", "src\Marsonsoft.DbSchema\Marsonsoft.DbSchema.csproj", "{6A2FFB93-B0C9-4653-A45F-647494C90411}"
EndProject
Project("{9A19103F-16F7-4668-BE54-9A1E7A4F7556}") = "Marsonsoft.DbSchema.Parsing", "src\Marsonsoft.DbSchema.Parsing\Marsonsoft.DbSchema.Parsing.csproj", "{0C2E9B7F-592F-467A-B40C-28989294A5B0}"
EndProject
Project("{2150E333-8FDC-42A3-9474-1A3956D46DE8}") = "src", "src", "{76538599-069A-40BE-8E6F-1D4ECCE3C9FE}"
EndProject
Project("{2150E333-8FDC-42A3-9474-1A3956D46DE8}") = "tests", "tests", "{75D216D2-2ECD-430F-BEEC-7320820404BF}"
EndProject
Project("{FAE04EC0-301F-11D3-BF4B-00C04F79EFBC}") = "Marsonsoft.DbSchema.Parsing.Tests", "tests\Marsonsoft.DbSchema.Parsing.Tests\Marsonsoft.DbSchema.Parsing.Tests.csproj", "{21CD2734-A926-4755-BE75-55275BDD59AA}"
EndProject
Global
	GlobalSection(SolutionConfigurationPlatforms) = preSolution
		Debug|Any CPU = Debug|Any CPU
		Release|Any CPU = Release|Any CPU
	EndGlobalSection
	GlobalSection(ProjectConfigurationPlatforms) = postSolution
		{6A2FFB93-B0C9-4653-A45F-647494C90411}.Debug|Any CPU.ActiveCfg = Debug|Any CPU
		{6A2FFB93-B0C9-4653-A45F-647494C90411}.Debug|Any CPU.Build.0 = Debug|Any CPU
		{6A2FFB93-B0C9-4653-A45F-647494C90411}.Release|Any CPU.ActiveCfg = Release|Any CPU
		{6A2FFB93-B0C9-4653-A45F-647494C90411}.Release|Any CPU.Build.0 = Release|Any CPU
		{0C2E9B7F-592F-467A-B40C-28989294A5B0}.Debug|Any CPU.ActiveCfg = Debug|Any CPU
		{0C2E9B7F-592F-467A-B40C-28989294A5B0}.Debug|Any CPU.Build.0 = Debug|Any CPU
		{0C2E9B7F-592F-467A-B40C-28989294A5B0}.Release|Any CPU.ActiveCfg = Release|Any CPU
		{0C2E9B7F-592F-467A-B40C-28989294A5B0}.Release|Any CPU.Build.0 = Release|Any CPU
		{21CD2734-A926-4755-BE75-55275BDD59AA}.Debug|Any CPU.ActiveCfg = Debug|Any CPU
		{21CD2734-A926-4755-BE75-55275BDD59AA}.Debug|Any CPU.Build.0 = Debug|Any CPU
		{21CD2734-A926-4755-BE75-55275BDD59AA}.Release|Any CPU.ActiveCfg = Release|Any CPU
		{21CD2734-A926-4755-BE75-55275BDD59AA}.Release|Any CPU.Build.0 = Release|Any CPU
	EndGlobalSection
	GlobalSection(SolutionProperties) = preSolution
		HideSolutionNode = FALSE
	EndGlobalSection
	GlobalSection(NestedProjects) = preSolution
		{6A2FFB93-B0C9-4653-A45F-647494C90411} = {76538599-069A-40BE-8E6F-1D4ECCE3C9FE}
		{0C2E9B7F-592F-467A-B40C-28989294A5B0} = {76538599-069A-40BE-8E6F-1D4ECCE3C9FE}
		{21CD2734-A926-4755-BE75-55275BDD59AA} = {75D216D2-2ECD-430F-BEEC-7320820404BF}
	EndGlobalSection
	GlobalSection(ExtensibilityGlobals) = postSolution
		SolutionGuid = {B3843B16-D036-4D5E-84F1-D9F83F58BAE1}
	EndGlobalSection
EndGlobal
